
Microsoft Visual Studio Solution File, Format Version 12.00
# Visual Studio Version 16
VisualStudioVersion = 16.0.32929.386
MinimumVisualStudioVersion = 10.0.40219.1
Project("{FAE04EC0-301F-11D3-BF4B-00C04F79EFBC}") = "MVCKutuphane", "MVCKutuphane.csproj", "{50CEF426-94C0-47C3-A6AE-D19DBA79861F}"
EndProject
Global
	GlobalSection(SolutionConfigurationPlatforms) = preSolution
		Debug|Any CPU = Debug|Any CPU
		Release|Any CPU = Release|Any CPU
	EndGlobalSection
	GlobalSection(ProjectConfigurationPlatforms) = postSolution
		{50CEF426-94C0-47C3-A6AE-D19DBA79861F}.Debug|Any CPU.ActiveCfg = Debug|Any CPU
		{50CEF426-94C0-47C3-A6AE-D19DBA79861F}.Debug|Any CPU.Build.0 = Debug|Any CPU
		{50CEF426-94C0-47C3-A6AE-D19DBA79861F}.Release|Any CPU.ActiveCfg = Release|Any CPU
		{50CEF426-94C0-47C3-A6AE-D19DBA79861F}.Release|Any CPU.Build.0 = Release|Any CPU
	EndGlobalSection
	GlobalSection(SolutionProperties) = preSolution
		HideSolutionNode = FALSE
	EndGlobalSection
	GlobalSection(ExtensibilityGlobals) = postSolution
		SolutionGuid = {A07BC83F-1E66-4D92-86F9-6EB4E81FC04E}
	EndGlobalSection
EndGlobal
